{
  "name": "iiif-image-api",
  "version": "1.0.0",
  "lockfileVersion": 1,
  "requires": true,
  "dependencies": {
    "babel-runtime": {
      "version": "6.26.0",
      "resolved": "https://registry.npmjs.org/babel-runtime/-/babel-runtime-6.26.0.tgz",
      "integrity": "sha1-llxwWGaOgrVde/4E/yM3vItWR/4=",
      "requires": {
        "core-js": "2.5.7",
        "regenerator-runtime": "0.11.1"
      }
    },
    "camelcase": {
      "version": "4.1.0",
      "resolved": "https://registry.npmjs.org/camelcase/-/camelcase-4.1.0.tgz",
      "integrity": "sha1-1UVjW+HjPFQmScaRc+Xeas+uNN0="
    },
    "clone": {
      "version": "1.0.4",
      "resolved": "https://registry.npmjs.org/clone/-/clone-1.0.4.tgz",
      "integrity": "sha1-2jCcwmPfFZlMaIypAheco8fNfH4="
    },
    "constitute": {
      "version": "1.6.2",
      "resolved": "https://registry.npmjs.org/constitute/-/constitute-1.6.2.tgz",
      "integrity": "sha1-up8rM/FRCsTRrD3cjUrnzlooqjI=",
      "requires": {
        "clone": "1.0.4"
      }
    },
    "core-js": {
      "version": "2.5.7",
      "resolved": "https://registry.npmjs.org/core-js/-/core-js-2.5.7.tgz",
      "integrity": "sha512-RszJCAxg/PP6uzXVXL6BsxSXx/B05oJAQ2vkJRjyjrEcNVycaqOmNb5OTxZPE3xa5gwZduqza6L9JOCenh/Ecw=="
    },
    "lodash": {
      "version": "4.17.10",
      "resolved": "https://registry.npmjs.org/lodash/-/lodash-4.17.10.tgz",
      "integrity": "sha512-UejweD1pDoXu+AD825lWwp4ZGtSwgnpZxb3JDViD7StjQz+Nb/6l093lx4OQ0foGWNRoc19mWy7BzL+UAK2iVg=="
    },
    "recursive-iterator": {
      "version": "3.3.0",
      "resolved": "https://registry.npmjs.org/recursive-iterator/-/recursive-iterator-3.3.0.tgz",
      "integrity": "sha512-uc2aWu5ejeqFe4EqOD7eGqY2hn324FS9dEqRl6uOjG002X0SEilk6apBWckqjsL7NDEBjNKaqDOg+ejg30iDTA=="
    },
    "regenerator-runtime": {
      "version": "0.11.1",
      "resolved": "https://registry.npmjs.org/regenerator-runtime/-/regenerator-runtime-0.11.1.tgz",
      "integrity": "sha512-MguG95oij0fC3QV3URf4V2SDYGJhJnJGqvIIgdECeODCT98wSWDAJ94SSuVpYQUoTcGUIL6L4yNB7j1DFFHSBg=="
    },
    "webpack-config": {
      "version": "7.5.0",
      "resolved": "https://registry.npmjs.org/webpack-config/-/webpack-config-7.5.0.tgz",
      "integrity": "sha512-eKGWI5CV9DaZxJbZ5y3PmQehFnIW9Nz2Qm3iJ5kTRC3St9ZVlZLriwu0Kd/I+lVKAXna/HboR57s5l4qAV9lJQ==",
      "requires": {
        "babel-runtime": "6.26.0",
        "constitute": "1.6.2",
        "lodash": "4.17.10",
        "recursive-iterator": "3.3.0",
        "yargs-parser": "8.1.0"
      }
    },
    "yargs-parser": {
      "version": "8.1.0",
      "resolved": "https://registry.npmjs.org/yargs-parser/-/yargs-parser-8.1.0.tgz",
      "integrity": "sha512-yP+6QqN8BmrgW2ggLtTbdrOyBNSI7zBa4IykmiV5R1wl1JWNxQvWhMfMdmzIYtKU7oP3OOInY/tl2ov3BDjnJQ==",
      "requires": {
        "camelcase": "4.1.0"
      }
    }
  }
}
